// !$*UTF8*$!
{
	archiveVersion = 1;
	classes = {
	};
	objectVersion = 56;
	objects = {

/* Begin PBXBuildFile section */
		2CAA5DDA2B8DFE0300E4AD25 /* DetailView.swift in Sources */ = {isa = PBXBuildFile; fileRef = 2CAA5DD92B8DFE0300E4AD25 /* DetailView.swift */; };
		2CBA58AF2B8DCE91007E597A /* CamCatcherUIApp.swift in Sources */ = {isa = PBXBuildFile; fileRef = 2CBA58AE2B8DCE91007E597A /* CamCatcherUIApp.swift */; };
		2CBA58B32B8DCE92007E597A /* Assets.xcassets in Resources */ = {isa = PBXBuildFile; fileRef = 2CBA58B22B8DCE92007E597A /* Assets.xcassets */; };
		2CBA58B62B8DCE92007E597A /* Preview Assets.xcassets in Resources */ = {isa = PBXBuildFile; fileRef = 2CBA58B52B8DCE92007E597A /* Preview Assets.xcassets */; };
		2CBA58BE2B8DCF4A007E597A /* MainView.swift in Sources */ = {isa = PBXBuildFile; fileRef = 2CBA58BD2B8DCF4A007E597A /* MainView.swift */; };
		2CBA58C02B8DCF78007E597A /* MainViewModel.swift in Sources */ = {isa = PBXBuildFile; fileRef = 2CBA58BF2B8DCF78007E597A /* MainViewModel.swift */; };
		2CBA58C22B8DDA21007E597A /* ImagePickerCoordinatorView.swift in Sources */ = {isa = PBXBuildFile; fileRef = 2CBA58C12B8DDA21007E597A /* ImagePickerCoordinatorView.swift */; };
/* End PBXBuildFile section */

/* Begin PBXFileReference section */
		2CAA5DD92B8DFE0300E4AD25 /* DetailView.swift */ = {isa = PBXFileReference; lastKnownFileType = sourcecode.swift; path = DetailView.swift; sourceTree = "<group>"; };
		2CBA58AB2B8DCE91007E597A /* CamCatcherUI.app */ = {isa = PBXFileReference; explicitFileType = wrapper.application; includeInIndex = 0; path = CamCatcherUI.app; sourceTree = BUILT_PRODUCTS_DIR; };
		2CBA58AE2B8DCE91007E597A /* CamCatcherUIApp.swift */ = {isa = PBXFileReference; lastKnownFileType = sourcecode.swift; path = CamCatcherUIApp.swift; sourceTree = "<group>"; };
		2CBA58B22B8DCE92007E597A /* Assets.xcassets */ = {isa = PBXFileReference; lastKnownFileType = folder.assetcatalog; path = Assets.xcassets; sourceTree = "<group>"; };
		2CBA58B52B8DCE92007E597A /* Preview Assets.xcassets */ = {isa = PBXFileReference; lastKnownFileType = folder.assetcatalog; path = "Preview Assets.xcassets"; sourceTree = "<group>"; };
		2CBA58BD2B8DCF4A007E597A /* MainView.swift */ = {isa = PBXFileReference; lastKnownFileType = sourcecode.swift; path = MainView.swift; sourceTree = "<group>"; };
		2CBA58BF2B8DCF78007E597A /* MainViewModel.swift */ = {isa = PBXFileReference; lastKnownFileType = sourcecode.swift; path = MainViewModel.swift; sourceTree = "<group>"; };
		2CBA58C12B8DDA21007E597A /* ImagePickerCoordinatorView.swift */ = {isa = PBXFileReference; lastKnownFileType = sourcecode.swift; path = ImagePickerCoordinatorView.swift; sourceTree = "<group>"; };
		2CBA58C32B8DEC71007E597A /* Info.plist */ = {isa = PBXFileReference; lastKnownFileType = text.plist; path = Info.plist; sourceTree = "<group>"; };
/* End PBXFileReference section */

/* Begin PBXFrameworksBuildPhase section */
		2CBA58A82B8DCE91007E597A /* Frameworks */ = {
			isa = PBXFrameworksBuildPhase;
			buildActionMask = 2147483647;
			files = (
			);
			runOnlyForDeploymentPostprocessing = 0;
		};
/* End PBXFrameworksBuildPhase section */

/* Begin PBXGroup section */
		2CAA5DD82B8DFDF500E4AD25 /* Detail */ = {
			isa = PBXGroup;
			children = (
				2CAA5DD92B8DFE0300E4AD25 /* DetailView.swift */,
			);
			path = Detail;
			sourceTree = "<group>";
		};
		2CBA58A22B8DCE91007E597A = {
			isa = PBXGroup;
			children = (
				2CBA58AD2B8DCE91007E597A /* CamCatcherUI */,
				2CBA58AC2B8DCE91007E597A /* Products */,
			);
			sourceTree = "<group>";
		};
		2CBA58AC2B8DCE91007E597A /* Products */ = {
			isa = PBXGroup;
			children = (
				2CBA58AB2B8DCE91007E597A /* CamCatcherUI.app */,
			);
			name = Products;
			sourceTree = "<group>";
		};
		2CBA58AD2B8DCE91007E597A /* CamCatcherUI */ = {
			isa = PBXGroup;
			children = (
				2CBA58C32B8DEC71007E597A /* Info.plist */,
				2CBA58AE2B8DCE91007E597A /* CamCatcherUIApp.swift */,
				2CBA58BC2B8DCED9007E597A /* Main */,
				2CAA5DD82B8DFDF500E4AD25 /* Detail */,
				2CBA58B22B8DCE92007E597A /* Assets.xcassets */,
				2CBA58B42B8DCE92007E597A /* Preview Content */,
			);
			path = CamCatcherUI;
			sourceTree = "<group>";
		};
		2CBA58B42B8DCE92007E597A /* Preview Content */ = {
			isa = PBXGroup;
			children = (
				2CBA58B52B8DCE92007E597A /* Preview Assets.xcassets */,
			);
			path = "Preview Content";
			sourceTree = "<group>";
		};
		2CBA58BC2B8DCED9007E597A /* Main */ = {
			isa = PBXGroup;
			children = (
				2CBA58BD2B8DCF4A007E597A /* MainView.swift */,
				2CBA58BF2B8DCF78007E597A /* MainViewModel.swift */,
				2CBA58C12B8DDA21007E597A /* ImagePickerCoordinatorView.swift */,
			);
			path = Main;
			sourceTree = "<group>";
		};
/* End PBXGroup section */

/* Begin PBXNativeTarget section */
		2CBA58AA2B8DCE91007E597A /* CamCatcherUI */ = {
			isa = PBXNativeTarget;
			buildConfigurationList = 2CBA58B92B8DCE92007E597A /* Build configuration list for PBXNativeTarget "CamCatcherUI" */;
			buildPhases = (
				2CBA58A72B8DCE91007E597A /* Sources */,
				2CBA58A82B8DCE91007E597A /* Frameworks */,
				2CBA58A92B8DCE91007E597A /* Resources */,
			);
			buildRules = (
			);
			dependencies = (
			);
			name = CamCatcherUI;
			productName = CamCatcherUI;
			productReference = 2CBA58AB2B8DCE91007E597A /* CamCatcherUI.app */;
			productType = "com.apple.product-type.application";
		};
/* End PBXNativeTarget section */

/* Begin PBXProject section */
		2CBA58A32B8DCE91007E597A /* Project object */ = {
			isa = PBXProject;
			attributes = {
				BuildIndependentTargetsInParallel = 1;
				LastSwiftUpdateCheck = 1520;
				LastUpgradeCheck = 1520;
				TargetAttributes = {
					2CBA58AA2B8DCE91007E597A = {
						CreatedOnToolsVersion = 15.2;
					};
				};
			};
			buildConfigurationList = 2CBA58A62B8DCE91007E597A /* Build configuration list for PBXProject "CamCatcherUI" */;
			compatibilityVersion = "Xcode 14.0";
			developmentRegion = en;
			hasScannedForEncodings = 0;
			knownRegions = (
				en,
				Base,
			);
			mainGroup = 2CBA58A22B8DCE91007E597A;
			productRefGroup = 2CBA58AC2B8DCE91007E597A /* Products */;
			projectDirPath = "";
			projectRoot = "";
			targets = (
				2CBA58AA2B8DCE91007E597A /* CamCatcherUI */,
			);
		};
/* End PBXProject section */

/* Begin PBXResourcesBuildPhase section */
		2CBA58A92B8DCE91007E597A /* Resources */ = {
			isa = PBXResourcesBuildPhase;
			buildActionMask = 2147483647;
			files = (
				2CBA58B62B8DCE92007E597A /* Preview Assets.xcassets in Resources */,
				2CBA58B32B8DCE92007E597A /* Assets.xcassets in Resources */,
			);
			runOnlyForDeploymentPostprocessing = 0;
		};
/* End PBXResourcesBuildPhase section */

/* Begin PBXSourcesBuildPhase section */
		2CBA58A72B8DCE91007E597A /* Sources */ = {
			isa = PBXSourcesBuildPhase;
			buildActionMask = 2147483647;
			files = (
				2CBA58BE2B8DCF4A007E597A /* MainView.swift in Sources */,
				2CBA58AF2B8DCE91007E597A /* CamCatcherUIApp.swift in Sources */,
				2CBA58C22B8DDA21007E597A /* ImagePickerCoordinatorView.swift in Sources */,
				2CAA5DDA2B8DFE0300E4AD25 /* DetailView.swift in Sources */,
				2CBA58C02B8DCF78007E597A /* MainViewModel.swift in Sources */,
			);
			runOnlyForDeploymentPostprocessing = 0;
		};
/* End PBXSourcesBuildPhase section */

/* Begin XCBuildConfiguration section */
		2CBA58B72B8DCE92007E597A /* Debug */ = {
			isa = XCBuildConfiguration;
			buildSettings = {
				ALWAYS_SEARCH_USER_PATHS = NO;
				ASSETCATALOG_COMPILER_GENERATE_SWIFT_ASSET_SYMBOL_EXTENSIONS = YES;
				CLANG_ANALYZER_NONNULL = YES;
				CLANG_ANALYZER_NUMBER_OBJECT_CONVERSION = YES_AGGRESSIVE;
				CLANG_CXX_LANGUAGE_STANDARD = "gnu++20";
				CLANG_ENABLE_MODULES = YES;
				CLANG_ENABLE_OBJC_ARC = YES;
				CLANG_ENABLE_OBJC_WEAK = YES;
				CLANG_WARN_BLOCK_CAPTURE_AUTORELEASING = YES;
				CLANG_WARN_BOOL_CONVERSION = YES;
				CLANG_WARN_COMMA = YES;
				CLANG_WARN_CONSTANT_CONVERSION = YES;
				CLANG_WARN_DEPRECATED_OBJC_IMPLEMENTATIONS = YES;
				CLANG_WARN_DIRECT_OBJC_ISA_USAGE = YES_ERROR;
				CLANG_WARN_DOCUMENTATION_COMMENTS = YES;
				CLANG_WARN_EMPTY_BODY = YES;
				CLANG_WARN_ENUM_CONVERSION = YES;
				CLANG_WARN_INFINITE_RECURSION = YES;
				CLANG_WARN_INT_CONVERSION = YES;
				CLANG_WARN_NON_LITERAL_NULL_CONVERSION = YES;
				CLANG_WARN_OBJC_IMPLICIT_RETAIN_SELF = YES;
				CLANG_WARN_OBJC_LITERAL_CONVERSION = YES;
				CLANG_WARN_OBJC_ROOT_CLASS = YES_ERROR;
				CLANG_WARN_QUOTED_INCLUDE_IN_FRAMEWORK_HEADER = YES;
				CLANG_WARN_RANGE_LOOP_ANALYSIS = YES;
				CLANG_WARN_STRICT_PROTOTYPES = YES;
				CLANG_WARN_SUSPICIOUS_MOVE = YES;
				CLANG_WARN_UNGUARDED_AVAILABILITY = YES_AGGRESSIVE;
				CLANG_WARN_UNREACHABLE_CODE = YES;
				CLANG_WARN__DUPLICATE_METHOD_MATCH = YES;
				COPY_PHASE_STRIP = NO;
				DEBUG_INFORMATION_FORMAT = dwarf;
				ENABLE_STRICT_OBJC_MSGSEND = YES;
				ENABLE_TESTABILITY = YES;
				ENABLE_USER_SCRIPT_SANDBOXING = YES;
				GCC_C_LANGUAGE_STANDARD = gnu17;
				GCC_DYNAMIC_NO_PIC = NO;
				GCC_NO_COMMON_BLOCKS = YES;
				GCC_OPTIMIZATION_LEVEL = 0;
				GCC_PREPROCESSOR_DEFINITIONS = (
					"DEBUG=1",
					"$(inherited)",
				);
				GCC_WARN_64_TO_32_BIT_CONVERSION = YES;
				GCC_WARN_ABOUT_RETURN_TYPE = YES_ERROR;
				GCC_WARN_UNDECLARED_SELECTOR = YES;
				GCC_WARN_UNINITIALIZED_AUTOS = YES_AGGRESSIVE;
				GCC_WARN_UNUSED_FUNCTION = YES;
				GCC_WARN_UNUSED_VARIABLE = YES;
				IPHONEOS_DEPLOYMENT_TARGET = 17.2;
				LOCALIZATION_PREFERS_STRING_CATALOGS = YES;
				MTL_ENABLE_DEBUG_INFO = INCLUDE_SOURCE;
				MTL_FAST_MATH = YES;
				ONLY_ACTIVE_ARCH = YES;
				SDKROOT = iphoneos;
				SWIFT_ACTIVE_COMPILATION_CONDITIONS = "DEBUG $(inherited)";
				SWIFT_OPTIMIZATION_LEVEL = "-Onone";
			};
			name = Debug;
		};
		2CBA58B82B8DCE92007E597A /* Release */ = {
			isa = XCBuildConfiguration;
			buildSettings = {
				ALWAYS_SEARCH_USER_PATHS = NO;
				ASSETCATALOG_COMPILER_GENERATE_SWIFT_ASSET_SYMBOL_EXTENSIONS = YES;
				CLANG_ANALYZER_NONNULL = YES;
				CLANG_ANALYZER_NUMBER_OBJECT_CONVERSION = YES_AGGRESSIVE;
				CLANG_CXX_LANGUAGE_STANDARD = "gnu++20";
				CLANG_ENABLE_MODULES = YES;
				CLANG_ENABLE_OBJC_ARC = YES;
				CLANG_ENABLE_OBJC_WEAK = YES;
				CLANG_WARN_BLOCK_CAPTURE_AUTORELEASING = YES;
				CLANG_WARN_BOOL_CONVERSION = YES;
				CLANG_WARN_COMMA = YES;
				CLANG_WARN_CONSTANT_CONVERSION = YES;
				CLANG_WARN_DEPRECATED_OBJC_IMPLEMENTATIONS = YES;
				CLANG_WARN_DIRECT_OBJC_ISA_USAGE = YES_ERROR;
				CLANG_WARN_DOCUMENTATION_COMMENTS = YES;
				CLANG_WARN_EMPTY_BODY = YES;
				CLANG_WARN_ENUM_CONVERSION = YES;
				CLANG_WARN_INFINITE_RECURSION = YES;
				CLANG_WARN_INT_CONVERSION = YES;
				CLANG_WARN_NON_LITERAL_NULL_CONVERSION = YES;
				CLANG_WARN_OBJC_IMPLICIT_RETAIN_SELF = YES;
				CLANG_WARN_OBJC_LITERAL_CONVERSION = YES;
				CLANG_WARN_OBJC_ROOT_CLASS = YES_ERROR;
				CLANG_WARN_QUOTED_INCLUDE_IN_FRAMEWORK_HEADER = YES;
				CLANG_WARN_RANGE_LOOP_ANALYSIS = YES;
				CLANG_WARN_STRICT_PROTOTYPES = YES;
				CLANG_WARN_SUSPICIOUS_MOVE = YES;
				CLANG_WARN_UNGUARDED_AVAILABILITY = YES_AGGRESSIVE;
				CLANG_WARN_UNREACHABLE_CODE = YES;
				CLANG_WARN__DUPLICATE_METHOD_MATCH = YES;
				COPY_PHASE_STRIP = NO;
				DEBUG_INFORMATION_FORMAT = "dwarf-with-dsym";
				ENABLE_NS_ASSERTIONS = NO;
				ENABLE_STRICT_OBJC_MSGSEND = YES;
				ENABLE_USER_SCRIPT_SANDBOXING = YES;
				GCC_C_LANGUAGE_STANDARD = gnu17;
				GCC_NO_COMMON_BLOCKS = YES;
				GCC_WARN_64_TO_32_BIT_CONVERSION = YES;
				GCC_WARN_ABOUT_RETURN_TYPE = YES_ERROR;
				GCC_WARN_UNDECLARED_SELECTOR = YES;
				GCC_WARN_UNINITIALIZED_AUTOS = YES_AGGRESSIVE;
				GCC_WARN_UNUSED_FUNCTION = YES;
				GCC_WARN_UNUSED_VARIABLE = YES;
				IPHONEOS_DEPLOYMENT_TARGET = 17.2;
				LOCALIZATION_PREFERS_STRING_CATALOGS = YES;
				MTL_ENABLE_DEBUG_INFO = NO;
				MTL_FAST_MATH = YES;
				SDKROOT = iphoneos;
				SWIFT_COMPILATION_MODE = wholemodule;
				VALIDATE_PRODUCT = YES;
			};
			name = Release;
		};
		2CBA58BA2B8DCE92007E597A /* Debug */ = {
			isa = XCBuildConfiguration;
			buildSettings = {
				ASSETCATALOG_COMPILER_APPICON_NAME = AppIcon;
				ASSETCATALOG_COMPILER_GLOBAL_ACCENT_COLOR_NAME = AccentColor;
				CODE_SIGN_STYLE = Automatic;
				CURRENT_PROJECT_VERSION = 1;
				DEVELOPMENT_ASSET_PATHS = "\"CamCatcherUI/Preview Content\"";
				DEVELOPMENT_TEAM = 9GK3478S4Z;
				ENABLE_PREVIEWS = YES;
				GENERATE_INFOPLIST_FILE = YES;
				INFOPLIST_FILE = CamCatcherUI/Info.plist;
				INFOPLIST_KEY_NSCameraUsageDescription = "This app use the camera to show pictures";
				INFOPLIST_KEY_UIApplicationSceneManifest_Generation = YES;
				INFOPLIST_KEY_UIApplicationSupportsIndirectInputEvents = YES;
				INFOPLIST_KEY_UILaunchScreen_Generation = YES;
				INFOPLIST_KEY_UISupportedInterfaceOrientations_iPad = "UIInterfaceOrientationPortrait UIInterfaceOrientationPortraitUpsideDown UIInterfaceOrientationLandscapeLeft UIInterfaceOrientationLandscapeRight";
				INFOPLIST_KEY_UISupportedInterfaceOrientations_iPhone = "UIInterfaceOrientationPortrait UIInterfaceOrientationLandscapeLeft UIInterfaceOrientationLandscapeRight";
				LD_RUNPATH_SEARCH_PATHS = (
					"$(inherited)",
					"@executable_path/Frameworks",
				);
				MARKETING_VERSION = 1.0;
				PRODUCT_BUNDLE_IDENTIFIER = com.DanielCazorro.CamCatcherUI;
				PRODUCT_NAME = "$(TARGET_NAME)";
				SWIFT_EMIT_LOC_STRINGS = YES;
				SWIFT_VERSION = 5.0;
				TARGETED_DEVICE_FAMILY = "1,2";
			};
			name = Debug;
		};
		2CBA58BB2B8DCE92007E597A /* Release */ = {
			isa = XCBuildConfiguration;
			buildSettings = {
				ASSETCATALOG_COMPILER_APPICON_NAME = AppIcon;
				ASSETCATALOG_COMPILER_GLOBAL_ACCENT_COLOR_NAME = AccentColor;
				CODE_SIGN_STYLE = Automatic;
				CURRENT_PROJECT_VERSION = 1;
				DEVELOPMENT_ASSET_PATHS = "\"CamCatcherUI/Preview Content\"";
				DEVELOPMENT_TEAM = 9GK3478S4Z;
				ENABLE_PREVIEWS = YES;
				GENERATE_INFOPLIST_FILE = YES;
				INFOPLIST_FILE = CamCatcherUI/Info.plist;
				INFOPLIST_KEY_NSCameraUsageDescription = "This app use the camera to show pictures";
				INFOPLIST_KEY_UIApplicationSceneManifest_Generation = YES;
				INFOPLIST_KEY_UIApplicationSupportsIndirectInputEvents = YES;
				INFOPLIST_KEY_UILaunchScreen_Generation = YES;
				INFOPLIST_KEY_UISupportedInterfaceOrientations_iPad = "UIInterfaceOrientationPortrait UIInterfaceOrientationPortraitUpsideDown UIInterfaceOrientationLandscapeLeft UIInterfaceOrientationLandscapeRight";
				INFOPLIST_KEY_UISupportedInterfaceOrientations_iPhone = "UIInterfaceOrientationPortrait UIInterfaceOrientationLandscapeLeft UIInterfaceOrientationLandscapeRight";
				LD_RUNPATH_SEARCH_PATHS = (
					"$(inherited)",
					"@executable_path/Frameworks",
				);
				MARKETING_VERSION = 1.0;
				PRODUCT_BUNDLE_IDENTIFIER = com.DanielCazorro.CamCatcherUI;
				PRODUCT_NAME = "$(TARGET_NAME)";
				SWIFT_EMIT_LOC_STRINGS = YES;
				SWIFT_VERSION = 5.0;
				TARGETED_DEVICE_FAMILY = "1,2";
			};
			name = Release;
		};
/* End XCBuildConfiguration section */

/* Begin XCConfigurationList section */
		2CBA58A62B8DCE91007E597A /* Build configuration list for PBXProject "CamCatcherUI" */ = {
			isa = XCConfigurationList;
			buildConfigurations = (
				2CBA58B72B8DCE92007E597A /* Debug */,
				2CBA58B82B8DCE92007E597A /* Release */,
			);
			defaultConfigurationIsVisible = 0;
			defaultConfigurationName = Release;
		};
		2CBA58B92B8DCE92007E597A /* Build configuration list for PBXNativeTarget "CamCatcherUI" */ = {
			isa = XCConfigurationList;
			buildConfigurations = (
				2CBA58BA2B8DCE92007E597A /* Debug */,
				2CBA58BB2B8DCE92007E597A /* Release */,
			);
			defaultConfigurationIsVisible = 0;
			defaultConfigurationName = Release;
		};
/* End XCConfigurationList section */
	};
	rootObject = 2CBA58A32B8DCE91007E597A /* Project object */;
}
