// !$*UTF8*$!
{
	archiveVersion = 1;
	classes = {
	};
	objectVersion = 56;
	objects = {

/* Begin PBXBuildFile section */
		2C527AE52B8C8C1D00992C89 /* AppDelegate.swift in Sources */ = {isa = PBXBuildFile; fileRef = 2C527AE42B8C8C1D00992C89 /* AppDelegate.swift */; };
		2C527AE72B8C8C1D00992C89 /* SceneDelegate.swift in Sources */ = {isa = PBXBuildFile; fileRef = 2C527AE62B8C8C1D00992C89 /* SceneDelegate.swift */; };
		2C527AEE2B8C8C1E00992C89 /* Assets.xcassets in Resources */ = {isa = PBXBuildFile; fileRef = 2C527AED2B8C8C1E00992C89 /* Assets.xcassets */; };
		2C527AF12B8C8C1E00992C89 /* LaunchScreen.storyboard in Resources */ = {isa = PBXBuildFile; fileRef = 2C527AEF2B8C8C1E00992C89 /* LaunchScreen.storyboard */; };
		2C527B092B8C913A00992C89 /* MainViewController.swift in Sources */ = {isa = PBXBuildFile; fileRef = 2C527B072B8C913A00992C89 /* MainViewController.swift */; };
		2C527B0A2B8C913A00992C89 /* MainViewController.xib in Resources */ = {isa = PBXBuildFile; fileRef = 2C527B082B8C913A00992C89 /* MainViewController.xib */; };
		2C527B0C2B8C916000992C89 /* MainViewModel.swift in Sources */ = {isa = PBXBuildFile; fileRef = 2C527B0B2B8C916000992C89 /* MainViewModel.swift */; };
		2C527B0E2B8C916A00992C89 /* MainViewDataManager.swift in Sources */ = {isa = PBXBuildFile; fileRef = 2C527B0D2B8C916A00992C89 /* MainViewDataManager.swift */; };
		2C527B102B8C917500992C89 /* MainViewWireframe.swift in Sources */ = {isa = PBXBuildFile; fileRef = 2C527B0F2B8C917500992C89 /* MainViewWireframe.swift */; };
		2C527B142B8CA61900992C89 /* ImageViewCell.swift in Sources */ = {isa = PBXBuildFile; fileRef = 2C527B122B8CA61900992C89 /* ImageViewCell.swift */; };
		2C527B152B8CA61900992C89 /* ImageViewCell.xib in Resources */ = {isa = PBXBuildFile; fileRef = 2C527B132B8CA61900992C89 /* ImageViewCell.xib */; };
		2CFAFCF52B8CC42F009CCF84 /* DetailViewController.swift in Sources */ = {isa = PBXBuildFile; fileRef = 2CFAFCF32B8CC42F009CCF84 /* DetailViewController.swift */; };
		2CFAFCF62B8CC42F009CCF84 /* DetailViewController.xib in Resources */ = {isa = PBXBuildFile; fileRef = 2CFAFCF42B8CC42F009CCF84 /* DetailViewController.xib */; };
		2CFAFCF82B8CC439009CCF84 /* DetailViewModel.swift in Sources */ = {isa = PBXBuildFile; fileRef = 2CFAFCF72B8CC439009CCF84 /* DetailViewModel.swift */; };
		2CFAFCFA2B8CC442009CCF84 /* DetailViewWireframe.swift in Sources */ = {isa = PBXBuildFile; fileRef = 2CFAFCF92B8CC442009CCF84 /* DetailViewWireframe.swift */; };
/* End PBXBuildFile section */

/* Begin PBXFileReference section */
		2C527AE12B8C8C1D00992C89 /* CamCatcher.app */ = {isa = PBXFileReference; explicitFileType = wrapper.application; includeInIndex = 0; path = CamCatcher.app; sourceTree = BUILT_PRODUCTS_DIR; };
		2C527AE42B8C8C1D00992C89 /* AppDelegate.swift */ = {isa = PBXFileReference; lastKnownFileType = sourcecode.swift; path = AppDelegate.swift; sourceTree = "<group>"; };
		2C527AE62B8C8C1D00992C89 /* SceneDelegate.swift */ = {isa = PBXFileReference; lastKnownFileType = sourcecode.swift; path = SceneDelegate.swift; sourceTree = "<group>"; };
		2C527AED2B8C8C1E00992C89 /* Assets.xcassets */ = {isa = PBXFileReference; lastKnownFileType = folder.assetcatalog; path = Assets.xcassets; sourceTree = "<group>"; };
		2C527AF02B8C8C1E00992C89 /* Base */ = {isa = PBXFileReference; lastKnownFileType = file.storyboard; name = Base; path = Base.lproj/LaunchScreen.storyboard; sourceTree = "<group>"; };
		2C527AF22B8C8C1E00992C89 /* Info.plist */ = {isa = PBXFileReference; lastKnownFileType = text.plist.xml; path = Info.plist; sourceTree = "<group>"; };
		2C527B072B8C913A00992C89 /* MainViewController.swift */ = {isa = PBXFileReference; lastKnownFileType = sourcecode.swift; path = MainViewController.swift; sourceTree = "<group>"; };
		2C527B082B8C913A00992C89 /* MainViewController.xib */ = {isa = PBXFileReference; lastKnownFileType = file.xib; path = MainViewController.xib; sourceTree = "<group>"; };
		2C527B0B2B8C916000992C89 /* MainViewModel.swift */ = {isa = PBXFileReference; lastKnownFileType = sourcecode.swift; path = MainViewModel.swift; sourceTree = "<group>"; };
		2C527B0D2B8C916A00992C89 /* MainViewDataManager.swift */ = {isa = PBXFileReference; lastKnownFileType = sourcecode.swift; path = MainViewDataManager.swift; sourceTree = "<group>"; };
		2C527B0F2B8C917500992C89 /* MainViewWireframe.swift */ = {isa = PBXFileReference; lastKnownFileType = sourcecode.swift; path = MainViewWireframe.swift; sourceTree = "<group>"; };
		2C527B122B8CA61900992C89 /* ImageViewCell.swift */ = {isa = PBXFileReference; lastKnownFileType = sourcecode.swift; path = ImageViewCell.swift; sourceTree = "<group>"; };
		2C527B132B8CA61900992C89 /* ImageViewCell.xib */ = {isa = PBXFileReference; lastKnownFileType = file.xib; path = ImageViewCell.xib; sourceTree = "<group>"; };
		2CFAFCF32B8CC42F009CCF84 /* DetailViewController.swift */ = {isa = PBXFileReference; lastKnownFileType = sourcecode.swift; path = DetailViewController.swift; sourceTree = "<group>"; };
		2CFAFCF42B8CC42F009CCF84 /* DetailViewController.xib */ = {isa = PBXFileReference; lastKnownFileType = file.xib; path = DetailViewController.xib; sourceTree = "<group>"; };
		2CFAFCF72B8CC439009CCF84 /* DetailViewModel.swift */ = {isa = PBXFileReference; lastKnownFileType = sourcecode.swift; path = DetailViewModel.swift; sourceTree = "<group>"; };
		2CFAFCF92B8CC442009CCF84 /* DetailViewWireframe.swift */ = {isa = PBXFileReference; lastKnownFileType = sourcecode.swift; path = DetailViewWireframe.swift; sourceTree = "<group>"; };
/* End PBXFileReference section */

/* Begin PBXFrameworksBuildPhase section */
		2C527ADE2B8C8C1D00992C89 /* Frameworks */ = {
			isa = PBXFrameworksBuildPhase;
			buildActionMask = 2147483647;
			files = (
			);
			runOnlyForDeploymentPostprocessing = 0;
		};
/* End PBXFrameworksBuildPhase section */

/* Begin PBXGroup section */
		2C527AD82B8C8C1D00992C89 = {
			isa = PBXGroup;
			children = (
				2C527AE32B8C8C1D00992C89 /* CamCatcher */,
				2C527AE22B8C8C1D00992C89 /* Products */,
			);
			sourceTree = "<group>";
		};
		2C527AE22B8C8C1D00992C89 /* Products */ = {
			isa = PBXGroup;
			children = (
				2C527AE12B8C8C1D00992C89 /* CamCatcher.app */,
			);
			name = Products;
			sourceTree = "<group>";
		};
		2C527AE32B8C8C1D00992C89 /* CamCatcher */ = {
			isa = PBXGroup;
			children = (
				2C527AF82B8C8C6200992C89 /* App */,
				2C527AF92B8C8C7F00992C89 /* UI */,
				2C527AED2B8C8C1E00992C89 /* Assets.xcassets */,
				2C527AF22B8C8C1E00992C89 /* Info.plist */,
			);
			path = CamCatcher;
			sourceTree = "<group>";
		};
		2C527AF82B8C8C6200992C89 /* App */ = {
			isa = PBXGroup;
			children = (
				2C527AE42B8C8C1D00992C89 /* AppDelegate.swift */,
				2C527AE62B8C8C1D00992C89 /* SceneDelegate.swift */,
			);
			path = App;
			sourceTree = "<group>";
		};
		2C527AF92B8C8C7F00992C89 /* UI */ = {
			isa = PBXGroup;
			children = (
				2C527AFA2B8C8C9500992C89 /* LaunchScreen */,
				2C527B062B8C910B00992C89 /* Main */,
				2CFAFCF22B8CC414009CCF84 /* Detail */,
			);
			path = UI;
			sourceTree = "<group>";
		};
		2C527AFA2B8C8C9500992C89 /* LaunchScreen */ = {
			isa = PBXGroup;
			children = (
				2C527AEF2B8C8C1E00992C89 /* LaunchScreen.storyboard */,
			);
			path = LaunchScreen;
			sourceTree = "<group>";
		};
		2C527B062B8C910B00992C89 /* Main */ = {
			isa = PBXGroup;
			children = (
				2C527B112B8CA5D100992C89 /* ImageViewCell */,
				2C527B082B8C913A00992C89 /* MainViewController.xib */,
				2C527B072B8C913A00992C89 /* MainViewController.swift */,
				2C527B0B2B8C916000992C89 /* MainViewModel.swift */,
				2C527B0D2B8C916A00992C89 /* MainViewDataManager.swift */,
				2C527B0F2B8C917500992C89 /* MainViewWireframe.swift */,
			);
			path = Main;
			sourceTree = "<group>";
		};
		2C527B112B8CA5D100992C89 /* ImageViewCell */ = {
			isa = PBXGroup;
			children = (
				2C527B132B8CA61900992C89 /* ImageViewCell.xib */,
				2C527B122B8CA61900992C89 /* ImageViewCell.swift */,
			);
			path = ImageViewCell;
			sourceTree = "<group>";
		};
		2CFAFCF22B8CC414009CCF84 /* Detail */ = {
			isa = PBXGroup;
			children = (
				2CFAFCF42B8CC42F009CCF84 /* DetailViewController.xib */,
				2CFAFCF32B8CC42F009CCF84 /* DetailViewController.swift */,
				2CFAFCF72B8CC439009CCF84 /* DetailViewModel.swift */,
				2CFAFCF92B8CC442009CCF84 /* DetailViewWireframe.swift */,
			);
			path = Detail;
			sourceTree = "<group>";
		};
/* End PBXGroup section */

/* Begin PBXNativeTarget section */
		2C527AE02B8C8C1D00992C89 /* CamCatcher */ = {
			isa = PBXNativeTarget;
			buildConfigurationList = 2C527AF52B8C8C1E00992C89 /* Build configuration list for PBXNativeTarget "CamCatcher" */;
			buildPhases = (
				2C527ADD2B8C8C1D00992C89 /* Sources */,
				2C527ADE2B8C8C1D00992C89 /* Frameworks */,
				2C527ADF2B8C8C1D00992C89 /* Resources */,
			);
			buildRules = (
			);
			dependencies = (
			);
			name = CamCatcher;
			productName = CamCatcher;
			productReference = 2C527AE12B8C8C1D00992C89 /* CamCatcher.app */;
			productType = "com.apple.product-type.application";
		};
/* End PBXNativeTarget section */

/* Begin PBXProject section */
		2C527AD92B8C8C1D00992C89 /* Project object */ = {
			isa = PBXProject;
			attributes = {
				BuildIndependentTargetsInParallel = 1;
				LastSwiftUpdateCheck = 1520;
				LastUpgradeCheck = 1520;
				TargetAttributes = {
					2C527AE02B8C8C1D00992C89 = {
						CreatedOnToolsVersion = 15.2;
					};
				};
			};
			buildConfigurationList = 2C527ADC2B8C8C1D00992C89 /* Build configuration list for PBXProject "CamCatcher" */;
			compatibilityVersion = "Xcode 14.0";
			developmentRegion = en;
			hasScannedForEncodings = 0;
			knownRegions = (
				en,
				Base,
			);
			mainGroup = 2C527AD82B8C8C1D00992C89;
			productRefGroup = 2C527AE22B8C8C1D00992C89 /* Products */;
			projectDirPath = "";
			projectRoot = "";
			targets = (
				2C527AE02B8C8C1D00992C89 /* CamCatcher */,
			);
		};
/* End PBXProject section */

/* Begin PBXResourcesBuildPhase section */
		2C527ADF2B8C8C1D00992C89 /* Resources */ = {
			isa = PBXResourcesBuildPhase;
			buildActionMask = 2147483647;
			files = (
				2C527B152B8CA61900992C89 /* ImageViewCell.xib in Resources */,
				2C527AF12B8C8C1E00992C89 /* LaunchScreen.storyboard in Resources */,
				2CFAFCF62B8CC42F009CCF84 /* DetailViewController.xib in Resources */,
				2C527B0A2B8C913A00992C89 /* MainViewController.xib in Resources */,
				2C527AEE2B8C8C1E00992C89 /* Assets.xcassets in Resources */,
			);
			runOnlyForDeploymentPostprocessing = 0;
		};
/* End PBXResourcesBuildPhase section */

/* Begin PBXSourcesBuildPhase section */
		2C527ADD2B8C8C1D00992C89 /* Sources */ = {
			isa = PBXSourcesBuildPhase;
			buildActionMask = 2147483647;
			files = (
				2C527B092B8C913A00992C89 /* MainViewController.swift in Sources */,
				2C527B142B8CA61900992C89 /* ImageViewCell.swift in Sources */,
				2C527AE52B8C8C1D00992C89 /* AppDelegate.swift in Sources */,
				2C527B102B8C917500992C89 /* MainViewWireframe.swift in Sources */,
				2CFAFCF82B8CC439009CCF84 /* DetailViewModel.swift in Sources */,
				2C527B0E2B8C916A00992C89 /* MainViewDataManager.swift in Sources */,
				2C527AE72B8C8C1D00992C89 /* SceneDelegate.swift in Sources */,
				2C527B0C2B8C916000992C89 /* MainViewModel.swift in Sources */,
				2CFAFCFA2B8CC442009CCF84 /* DetailViewWireframe.swift in Sources */,
				2CFAFCF52B8CC42F009CCF84 /* DetailViewController.swift in Sources */,
			);
			runOnlyForDeploymentPostprocessing = 0;
		};
/* End PBXSourcesBuildPhase section */

/* Begin PBXVariantGroup section */
		2C527AEF2B8C8C1E00992C89 /* LaunchScreen.storyboard */ = {
			isa = PBXVariantGroup;
			children = (
				2C527AF02B8C8C1E00992C89 /* Base */,
			);
			name = LaunchScreen.storyboard;
			sourceTree = "<group>";
		};
/* End PBXVariantGroup section */

/* Begin XCBuildConfiguration section */
		2C527AF32B8C8C1E00992C89 /* Debug */ = {
			isa = XCBuildConfiguration;
			buildSettings = {
				ALWAYS_SEARCH_USER_PATHS = NO;
				ASSETCATALOG_COMPILER_GENERATE_SWIFT_ASSET_SYMBOL_EXTENSIONS = YES;
				CLANG_ANALYZER_NONNULL = YES;
				CLANG_ANALYZER_NUMBER_OBJECT_CONVERSION = YES_AGGRESSIVE;
				CLANG_CXX_LANGUAGE_STANDARD = "gnu++20";
				CLANG_ENABLE_MODULES = YES;
				CLANG_ENABLE_OBJC_ARC = YES;
				CLANG_ENABLE_OBJC_WEAK = YES;
				CLANG_WARN_BLOCK_CAPTURE_AUTORELEASING = YES;
				CLANG_WARN_BOOL_CONVERSION = YES;
				CLANG_WARN_COMMA = YES;
				CLANG_WARN_CONSTANT_CONVERSION = YES;
				CLANG_WARN_DEPRECATED_OBJC_IMPLEMENTATIONS = YES;
				CLANG_WARN_DIRECT_OBJC_ISA_USAGE = YES_ERROR;
				CLANG_WARN_DOCUMENTATION_COMMENTS = YES;
				CLANG_WARN_EMPTY_BODY = YES;
				CLANG_WARN_ENUM_CONVERSION = YES;
				CLANG_WARN_INFINITE_RECURSION = YES;
				CLANG_WARN_INT_CONVERSION = YES;
				CLANG_WARN_NON_LITERAL_NULL_CONVERSION = YES;
				CLANG_WARN_OBJC_IMPLICIT_RETAIN_SELF = YES;
				CLANG_WARN_OBJC_LITERAL_CONVERSION = YES;
				CLANG_WARN_OBJC_ROOT_CLASS = YES_ERROR;
				CLANG_WARN_QUOTED_INCLUDE_IN_FRAMEWORK_HEADER = YES;
				CLANG_WARN_RANGE_LOOP_ANALYSIS = YES;
				CLANG_WARN_STRICT_PROTOTYPES = YES;
				CLANG_WARN_SUSPICIOUS_MOVE = YES;
				CLANG_WARN_UNGUARDED_AVAILABILITY = YES_AGGRESSIVE;
				CLANG_WARN_UNREACHABLE_CODE = YES;
				CLANG_WARN__DUPLICATE_METHOD_MATCH = YES;
				COPY_PHASE_STRIP = NO;
				DEBUG_INFORMATION_FORMAT = dwarf;
				ENABLE_STRICT_OBJC_MSGSEND = YES;
				ENABLE_TESTABILITY = YES;
				ENABLE_USER_SCRIPT_SANDBOXING = YES;
				GCC_C_LANGUAGE_STANDARD = gnu17;
				GCC_DYNAMIC_NO_PIC = NO;
				GCC_NO_COMMON_BLOCKS = YES;
				GCC_OPTIMIZATION_LEVEL = 0;
				GCC_PREPROCESSOR_DEFINITIONS = (
					"DEBUG=1",
					"$(inherited)",
				);
				GCC_WARN_64_TO_32_BIT_CONVERSION = YES;
				GCC_WARN_ABOUT_RETURN_TYPE = YES_ERROR;
				GCC_WARN_UNDECLARED_SELECTOR = YES;
				GCC_WARN_UNINITIALIZED_AUTOS = YES_AGGRESSIVE;
				GCC_WARN_UNUSED_FUNCTION = YES;
				GCC_WARN_UNUSED_VARIABLE = YES;
				IPHONEOS_DEPLOYMENT_TARGET = 17.2;
				LOCALIZATION_PREFERS_STRING_CATALOGS = YES;
				MTL_ENABLE_DEBUG_INFO = INCLUDE_SOURCE;
				MTL_FAST_MATH = YES;
				ONLY_ACTIVE_ARCH = YES;
				SDKROOT = iphoneos;
				SWIFT_ACTIVE_COMPILATION_CONDITIONS = "DEBUG $(inherited)";
				SWIFT_OPTIMIZATION_LEVEL = "-Onone";
			};
			name = Debug;
		};
		2C527AF42B8C8C1E00992C89 /* Release */ = {
			isa = XCBuildConfiguration;
			buildSettings = {
				ALWAYS_SEARCH_USER_PATHS = NO;
				ASSETCATALOG_COMPILER_GENERATE_SWIFT_ASSET_SYMBOL_EXTENSIONS = YES;
				CLANG_ANALYZER_NONNULL = YES;
				CLANG_ANALYZER_NUMBER_OBJECT_CONVERSION = YES_AGGRESSIVE;
				CLANG_CXX_LANGUAGE_STANDARD = "gnu++20";
				CLANG_ENABLE_MODULES = YES;
				CLANG_ENABLE_OBJC_ARC = YES;
				CLANG_ENABLE_OBJC_WEAK = YES;
				CLANG_WARN_BLOCK_CAPTURE_AUTORELEASING = YES;
				CLANG_WARN_BOOL_CONVERSION = YES;
				CLANG_WARN_COMMA = YES;
				CLANG_WARN_CONSTANT_CONVERSION = YES;
				CLANG_WARN_DEPRECATED_OBJC_IMPLEMENTATIONS = YES;
				CLANG_WARN_DIRECT_OBJC_ISA_USAGE = YES_ERROR;
				CLANG_WARN_DOCUMENTATION_COMMENTS = YES;
				CLANG_WARN_EMPTY_BODY = YES;
				CLANG_WARN_ENUM_CONVERSION = YES;
				CLANG_WARN_INFINITE_RECURSION = YES;
				CLANG_WARN_INT_CONVERSION = YES;
				CLANG_WARN_NON_LITERAL_NULL_CONVERSION = YES;
				CLANG_WARN_OBJC_IMPLICIT_RETAIN_SELF = YES;
				CLANG_WARN_OBJC_LITERAL_CONVERSION = YES;
				CLANG_WARN_OBJC_ROOT_CLASS = YES_ERROR;
				CLANG_WARN_QUOTED_INCLUDE_IN_FRAMEWORK_HEADER = YES;
				CLANG_WARN_RANGE_LOOP_ANALYSIS = YES;
				CLANG_WARN_STRICT_PROTOTYPES = YES;
				CLANG_WARN_SUSPICIOUS_MOVE = YES;
				CLANG_WARN_UNGUARDED_AVAILABILITY = YES_AGGRESSIVE;
				CLANG_WARN_UNREACHABLE_CODE = YES;
				CLANG_WARN__DUPLICATE_METHOD_MATCH = YES;
				COPY_PHASE_STRIP = NO;
				DEBUG_INFORMATION_FORMAT = "dwarf-with-dsym";
				ENABLE_NS_ASSERTIONS = NO;
				ENABLE_STRICT_OBJC_MSGSEND = YES;
				ENABLE_USER_SCRIPT_SANDBOXING = YES;
				GCC_C_LANGUAGE_STANDARD = gnu17;
				GCC_NO_COMMON_BLOCKS = YES;
				GCC_WARN_64_TO_32_BIT_CONVERSION = YES;
				GCC_WARN_ABOUT_RETURN_TYPE = YES_ERROR;
				GCC_WARN_UNDECLARED_SELECTOR = YES;
				GCC_WARN_UNINITIALIZED_AUTOS = YES_AGGRESSIVE;
				GCC_WARN_UNUSED_FUNCTION = YES;
				GCC_WARN_UNUSED_VARIABLE = YES;
				IPHONEOS_DEPLOYMENT_TARGET = 17.2;
				LOCALIZATION_PREFERS_STRING_CATALOGS = YES;
				MTL_ENABLE_DEBUG_INFO = NO;
				MTL_FAST_MATH = YES;
				SDKROOT = iphoneos;
				SWIFT_COMPILATION_MODE = wholemodule;
				VALIDATE_PRODUCT = YES;
			};
			name = Release;
		};
		2C527AF62B8C8C1E00992C89 /* Debug */ = {
			isa = XCBuildConfiguration;
			buildSettings = {
				ASSETCATALOG_COMPILER_APPICON_NAME = AppIcon;
				ASSETCATALOG_COMPILER_GLOBAL_ACCENT_COLOR_NAME = AccentColor;
				CODE_SIGN_STYLE = Automatic;
				CURRENT_PROJECT_VERSION = 1;
				DEVELOPMENT_TEAM = 9GK3478S4Z;
				GENERATE_INFOPLIST_FILE = YES;
				INFOPLIST_FILE = CamCatcher/Info.plist;
				INFOPLIST_KEY_UIApplicationSupportsIndirectInputEvents = YES;
				INFOPLIST_KEY_UILaunchStoryboardName = LaunchScreen;
				INFOPLIST_KEY_UISupportedInterfaceOrientations_iPad = "UIInterfaceOrientationPortrait UIInterfaceOrientationPortraitUpsideDown UIInterfaceOrientationLandscapeLeft UIInterfaceOrientationLandscapeRight";
				INFOPLIST_KEY_UISupportedInterfaceOrientations_iPhone = "UIInterfaceOrientationPortrait UIInterfaceOrientationLandscapeLeft UIInterfaceOrientationLandscapeRight";
				LD_RUNPATH_SEARCH_PATHS = (
					"$(inherited)",
					"@executable_path/Frameworks",
				);
				MARKETING_VERSION = 1.0;
				PRODUCT_BUNDLE_IDENTIFIER = com.DanielCazorro.CamCatcher;
				PRODUCT_NAME = "$(TARGET_NAME)";
				SWIFT_EMIT_LOC_STRINGS = YES;
				SWIFT_VERSION = 5.0;
				TARGETED_DEVICE_FAMILY = "1,2";
			};
			name = Debug;
		};
		2C527AF72B8C8C1E00992C89 /* Release */ = {
			isa = XCBuildConfiguration;
			buildSettings = {
				ASSETCATALOG_COMPILER_APPICON_NAME = AppIcon;
				ASSETCATALOG_COMPILER_GLOBAL_ACCENT_COLOR_NAME = AccentColor;
				CODE_SIGN_STYLE = Automatic;
				CURRENT_PROJECT_VERSION = 1;
				DEVELOPMENT_TEAM = 9GK3478S4Z;
				GENERATE_INFOPLIST_FILE = YES;
				INFOPLIST_FILE = CamCatcher/Info.plist;
				INFOPLIST_KEY_UIApplicationSupportsIndirectInputEvents = YES;
				INFOPLIST_KEY_UILaunchStoryboardName = LaunchScreen;
				INFOPLIST_KEY_UISupportedInterfaceOrientations_iPad = "UIInterfaceOrientationPortrait UIInterfaceOrientationPortraitUpsideDown UIInterfaceOrientationLandscapeLeft UIInterfaceOrientationLandscapeRight";
				INFOPLIST_KEY_UISupportedInterfaceOrientations_iPhone = "UIInterfaceOrientationPortrait UIInterfaceOrientationLandscapeLeft UIInterfaceOrientationLandscapeRight";
				LD_RUNPATH_SEARCH_PATHS = (
					"$(inherited)",
					"@executable_path/Frameworks",
				);
				MARKETING_VERSION = 1.0;
				PRODUCT_BUNDLE_IDENTIFIER = com.DanielCazorro.CamCatcher;
				PRODUCT_NAME = "$(TARGET_NAME)";
				SWIFT_EMIT_LOC_STRINGS = YES;
				SWIFT_VERSION = 5.0;
				TARGETED_DEVICE_FAMILY = "1,2";
			};
			name = Release;
		};
/* End XCBuildConfiguration section */

/* Begin XCConfigurationList section */
		2C527ADC2B8C8C1D00992C89 /* Build configuration list for PBXProject "CamCatcher" */ = {
			isa = XCConfigurationList;
			buildConfigurations = (
				2C527AF32B8C8C1E00992C89 /* Debug */,
				2C527AF42B8C8C1E00992C89 /* Release */,
			);
			defaultConfigurationIsVisible = 0;
			defaultConfigurationName = Release;
		};
		2C527AF52B8C8C1E00992C89 /* Build configuration list for PBXNativeTarget "CamCatcher" */ = {
			isa = XCConfigurationList;
			buildConfigurations = (
				2C527AF62B8C8C1E00992C89 /* Debug */,
				2C527AF72B8C8C1E00992C89 /* Release */,
			);
			defaultConfigurationIsVisible = 0;
			defaultConfigurationName = Release;
		};
/* End XCConfigurationList section */
	};
	rootObject = 2C527AD92B8C8C1D00992C89 /* Project object */;
}
